
Microsoft Visual Studio Solution File, Format Version 12.00
Project("{FAE04EC0-301F-11D3-BF4B-00C04F79EFBC}") = "QUICServer", "QUICServer\QUICServer.csproj", "{86A3638C-CB35-4EA5-A21D-DC7A6A17E8F6}"
EndProject
Project("{FAE04EC0-301F-11D3-BF4B-00C04F79EFBC}") = "QUICConsole", "QUICConsole\QUICConsole.csproj", "{86478148-88AB-4C71-A0DE-42BAB0BF2BB8}"
EndProject
Project("{FAE04EC0-301F-11D3-BF4B-00C04F79EFBC}") = "QuicListener-Server", "QuicListener-Server\QuicListener-Server.csproj", "{2431ABF5-9196-4327-9C5C-19E045F21221}"
EndProject
Project("{FAE04EC0-301F-11D3-BF4B-00C04F79EFBC}") = "QuicConnection-Server", "QuicConnection-Server\QuicConnection-Server.csproj", "{19A54DCD-B80C-4852-B510-9AF589E796A2}"
EndProject
Project("{FAE04EC0-301F-11D3-BF4B-00C04F79EFBC}") = "QuicConnection-Client", "QuicConnection-Client\QuicConnection-Client.csproj", "{DC39E601-77EE-4AA3-B910-6FD8835F0DE5}"
EndProject
Project("{FAE04EC0-301F-11D3-BF4B-00C04F79EFBC}") = "QuicStream-Server", "QuicStream-Server\QuicStream-Server.csproj", "{35BCBC12-4EE2-411E-8F59-044C2A4B4462}"
EndProject
Project("{FAE04EC0-301F-11D3-BF4B-00C04F79EFBC}") = "QuicStream-Client", "QuicStream-Client\QuicStream-Client.csproj", "{1D5FCDF5-6C30-46CC-B35F-EE2A4EFD2A27}"
EndProject
Project("{FAE04EC0-301F-11D3-BF4B-00C04F79EFBC}") = "HTTP3-Perf-Client-Demo", "HTTP3-Perf-Client-Demo\HTTP3-Perf-Client-Demo.csproj", "{4E7E5468-E88A-49A9-B51F-B0B6112FBC39}"
EndProject
Project("{FAE04EC0-301F-11D3-BF4B-00C04F79EFBC}") = "HTTP3-Perf-Server-Demo", "HTTP3-Perf-Server-Demo\HTTP3-Perf-Server-Demo.csproj", "{76828FDE-FAE9-46AB-B2EA-F44C86D39A96}"
EndProject
Project("{2150E333-8FDC-42A3-9474-1A3956D46DE8}") = "HTTP3-Perf-Demo", "HTTP3-Perf-Demo", "{2E4BE413-58A9-40C4-AEA0-3585B8D654D3}"
EndProject
Project("{2150E333-8FDC-42A3-9474-1A3956D46DE8}") = "QuicConnection", "QuicConnection", "{5C0DBDCA-7C19-4337-AD0A-870D2A3EC563}"
EndProject
Project("{2150E333-8FDC-42A3-9474-1A3956D46DE8}") = "HTTP3-Demo", "HTTP3-Demo", "{8ACAF84B-4D93-407A-9B9F-65467B8B5572}"
EndProject
Project("{2150E333-8FDC-42A3-9474-1A3956D46DE8}") = "QuicListener", "QuicListener", "{040C3298-4FE7-4941-9926-1758E61110E3}"
EndProject
Project("{2150E333-8FDC-42A3-9474-1A3956D46DE8}") = "QuicStream", "QuicStream", "{37560D19-40B1-4E32-9805-6DB4A139FA5E}"
EndProject
Global
	GlobalSection(SolutionConfigurationPlatforms) = preSolution
		Debug|Any CPU = Debug|Any CPU
		Release|Any CPU = Release|Any CPU
	EndGlobalSection
	GlobalSection(ProjectConfigurationPlatforms) = postSolution
		{86A3638C-CB35-4EA5-A21D-DC7A6A17E8F6}.Debug|Any CPU.ActiveCfg = Debug|Any CPU
		{86A3638C-CB35-4EA5-A21D-DC7A6A17E8F6}.Debug|Any CPU.Build.0 = Debug|Any CPU
		{86A3638C-CB35-4EA5-A21D-DC7A6A17E8F6}.Release|Any CPU.ActiveCfg = Release|Any CPU
		{86A3638C-CB35-4EA5-A21D-DC7A6A17E8F6}.Release|Any CPU.Build.0 = Release|Any CPU
		{86478148-88AB-4C71-A0DE-42BAB0BF2BB8}.Debug|Any CPU.ActiveCfg = Debug|Any CPU
		{86478148-88AB-4C71-A0DE-42BAB0BF2BB8}.Debug|Any CPU.Build.0 = Debug|Any CPU
		{86478148-88AB-4C71-A0DE-42BAB0BF2BB8}.Release|Any CPU.ActiveCfg = Release|Any CPU
		{86478148-88AB-4C71-A0DE-42BAB0BF2BB8}.Release|Any CPU.Build.0 = Release|Any CPU
		{2431ABF5-9196-4327-9C5C-19E045F21221}.Debug|Any CPU.ActiveCfg = Debug|Any CPU
		{2431ABF5-9196-4327-9C5C-19E045F21221}.Debug|Any CPU.Build.0 = Debug|Any CPU
		{2431ABF5-9196-4327-9C5C-19E045F21221}.Release|Any CPU.ActiveCfg = Release|Any CPU
		{2431ABF5-9196-4327-9C5C-19E045F21221}.Release|Any CPU.Build.0 = Release|Any CPU
		{19A54DCD-B80C-4852-B510-9AF589E796A2}.Debug|Any CPU.ActiveCfg = Debug|Any CPU
		{19A54DCD-B80C-4852-B510-9AF589E796A2}.Debug|Any CPU.Build.0 = Debug|Any CPU
		{19A54DCD-B80C-4852-B510-9AF589E796A2}.Release|Any CPU.ActiveCfg = Release|Any CPU
		{19A54DCD-B80C-4852-B510-9AF589E796A2}.Release|Any CPU.Build.0 = Release|Any CPU
		{DC39E601-77EE-4AA3-B910-6FD8835F0DE5}.Debug|Any CPU.ActiveCfg = Debug|Any CPU
		{DC39E601-77EE-4AA3-B910-6FD8835F0DE5}.Debug|Any CPU.Build.0 = Debug|Any CPU
		{DC39E601-77EE-4AA3-B910-6FD8835F0DE5}.Release|Any CPU.ActiveCfg = Release|Any CPU
		{DC39E601-77EE-4AA3-B910-6FD8835F0DE5}.Release|Any CPU.Build.0 = Release|Any CPU
		{35BCBC12-4EE2-411E-8F59-044C2A4B4462}.Debug|Any CPU.ActiveCfg = Debug|Any CPU
		{35BCBC12-4EE2-411E-8F59-044C2A4B4462}.Debug|Any CPU.Build.0 = Debug|Any CPU
		{35BCBC12-4EE2-411E-8F59-044C2A4B4462}.Release|Any CPU.ActiveCfg = Release|Any CPU
		{35BCBC12-4EE2-411E-8F59-044C2A4B4462}.Release|Any CPU.Build.0 = Release|Any CPU
		{1D5FCDF5-6C30-46CC-B35F-EE2A4EFD2A27}.Debug|Any CPU.ActiveCfg = Debug|Any CPU
		{1D5FCDF5-6C30-46CC-B35F-EE2A4EFD2A27}.Debug|Any CPU.Build.0 = Debug|Any CPU
		{1D5FCDF5-6C30-46CC-B35F-EE2A4EFD2A27}.Release|Any CPU.ActiveCfg = Release|Any CPU
		{1D5FCDF5-6C30-46CC-B35F-EE2A4EFD2A27}.Release|Any CPU.Build.0 = Release|Any CPU
		{4E7E5468-E88A-49A9-B51F-B0B6112FBC39}.Debug|Any CPU.ActiveCfg = Debug|Any CPU
		{4E7E5468-E88A-49A9-B51F-B0B6112FBC39}.Debug|Any CPU.Build.0 = Debug|Any CPU
		{4E7E5468-E88A-49A9-B51F-B0B6112FBC39}.Release|Any CPU.ActiveCfg = Release|Any CPU
		{4E7E5468-E88A-49A9-B51F-B0B6112FBC39}.Release|Any CPU.Build.0 = Release|Any CPU
		{76828FDE-FAE9-46AB-B2EA-F44C86D39A96}.Debug|Any CPU.ActiveCfg = Debug|Any CPU
		{76828FDE-FAE9-46AB-B2EA-F44C86D39A96}.Debug|Any CPU.Build.0 = Debug|Any CPU
		{76828FDE-FAE9-46AB-B2EA-F44C86D39A96}.Release|Any CPU.ActiveCfg = Release|Any CPU
		{76828FDE-FAE9-46AB-B2EA-F44C86D39A96}.Release|Any CPU.Build.0 = Release|Any CPU
	EndGlobalSection
	GlobalSection(NestedProjects) = preSolution
		{4E7E5468-E88A-49A9-B51F-B0B6112FBC39} = {2E4BE413-58A9-40C4-AEA0-3585B8D654D3}
		{76828FDE-FAE9-46AB-B2EA-F44C86D39A96} = {2E4BE413-58A9-40C4-AEA0-3585B8D654D3}
		{DC39E601-77EE-4AA3-B910-6FD8835F0DE5} = {5C0DBDCA-7C19-4337-AD0A-870D2A3EC563}
		{19A54DCD-B80C-4852-B510-9AF589E796A2} = {5C0DBDCA-7C19-4337-AD0A-870D2A3EC563}
		{86478148-88AB-4C71-A0DE-42BAB0BF2BB8} = {8ACAF84B-4D93-407A-9B9F-65467B8B5572}
		{86A3638C-CB35-4EA5-A21D-DC7A6A17E8F6} = {8ACAF84B-4D93-407A-9B9F-65467B8B5572}
		{2431ABF5-9196-4327-9C5C-19E045F21221} = {040C3298-4FE7-4941-9926-1758E61110E3}
		{1D5FCDF5-6C30-46CC-B35F-EE2A4EFD2A27} = {37560D19-40B1-4E32-9805-6DB4A139FA5E}
		{35BCBC12-4EE2-411E-8F59-044C2A4B4462} = {37560D19-40B1-4E32-9805-6DB4A139FA5E}
	EndGlobalSection
EndGlobal
