
Microsoft Visual Studio Solution File, Format Version 12.00
Project("{FAE04EC0-301F-11D3-BF4B-00C04F79EFBC}") = "Client", "Client\Client.csproj", "{60691066-8EFE-4E96-AD35-C1BE85B6F296}"
EndProject
Project("{FAE04EC0-301F-11D3-BF4B-00C04F79EFBC}") = "TcpServer", "TcpServer\TcpServer.csproj", "{785B31C5-674D-47F4-BA91-0EEB0431C763}"
EndProject
Global
	GlobalSection(SolutionConfigurationPlatforms) = preSolution
		Debug|Any CPU = Debug|Any CPU
		Release|Any CPU = Release|Any CPU
	EndGlobalSection
	GlobalSection(ProjectConfigurationPlatforms) = postSolution
		{60691066-8EFE-4E96-AD35-C1BE85B6F296}.Debug|Any CPU.ActiveCfg = Debug|Any CPU
		{60691066-8EFE-4E96-AD35-C1BE85B6F296}.Debug|Any CPU.Build.0 = Debug|Any CPU
		{60691066-8EFE-4E96-AD35-C1BE85B6F296}.Release|Any CPU.ActiveCfg = Release|Any CPU
		{60691066-8EFE-4E96-AD35-C1BE85B6F296}.Release|Any CPU.Build.0 = Release|Any CPU
		{785B31C5-674D-47F4-BA91-0EEB0431C763}.Debug|Any CPU.ActiveCfg = Debug|Any CPU
		{785B31C5-674D-47F4-BA91-0EEB0431C763}.Debug|Any CPU.Build.0 = Debug|Any CPU
		{785B31C5-674D-47F4-BA91-0EEB0431C763}.Release|Any CPU.ActiveCfg = Release|Any CPU
		{785B31C5-674D-47F4-BA91-0EEB0431C763}.Release|Any CPU.Build.0 = Release|Any CPU
	EndGlobalSection
EndGlobal
