
Microsoft Visual Studio Solution File, Format Version 12.00
Project("{FAE04EC0-301F-11D3-BF4B-00C04F79EFBC}") = "Client", "ClientServer\Client\Client.csproj", "{967E3C57-0594-4DBF-812F-F01EB353DAF9}"
EndProject
Project("{FAE04EC0-301F-11D3-BF4B-00C04F79EFBC}") = "TcpServer", "ClientServer\TcpServer\TcpServer.csproj", "{8CC4BEA4-8378-44DB-BA0C-F7AEE8C9C314}"
EndProject
Global
	GlobalSection(SolutionConfigurationPlatforms) = preSolution
		Debug|Any CPU = Debug|Any CPU
		Release|Any CPU = Release|Any CPU
	EndGlobalSection
	GlobalSection(ProjectConfigurationPlatforms) = postSolution
		{967E3C57-0594-4DBF-812F-F01EB353DAF9}.Debug|Any CPU.ActiveCfg = Debug|Any CPU
		{967E3C57-0594-4DBF-812F-F01EB353DAF9}.Debug|Any CPU.Build.0 = Debug|Any CPU
		{967E3C57-0594-4DBF-812F-F01EB353DAF9}.Release|Any CPU.ActiveCfg = Release|Any CPU
		{967E3C57-0594-4DBF-812F-F01EB353DAF9}.Release|Any CPU.Build.0 = Release|Any CPU
		{8CC4BEA4-8378-44DB-BA0C-F7AEE8C9C314}.Debug|Any CPU.ActiveCfg = Debug|Any CPU
		{8CC4BEA4-8378-44DB-BA0C-F7AEE8C9C314}.Debug|Any CPU.Build.0 = Debug|Any CPU
		{8CC4BEA4-8378-44DB-BA0C-F7AEE8C9C314}.Release|Any CPU.ActiveCfg = Release|Any CPU
		{8CC4BEA4-8378-44DB-BA0C-F7AEE8C9C314}.Release|Any CPU.Build.0 = Release|Any CPU
	EndGlobalSection
EndGlobal
